// !$*UTF8*$!
{
	archiveVersion = 1;
	classes = {
	};
	objectVersion = 46;
	objects = {

/* Begin PBXBuildFile section */
		CC1350361FBFF3760095013E /* AnswerViewController.swift in Sources */ = {isa = PBXBuildFile; fileRef = CC1350351FBFF3760095013E /* AnswerViewController.swift */; };
		CC1350381FBFFB050095013E /* ResultViewController.swift in Sources */ = {isa = PBXBuildFile; fileRef = CC1350371FBFFB050095013E /* ResultViewController.swift */; };
		CC1803BE1FC1267B0045A57E /* SettingViewController.swift in Sources */ = {isa = PBXBuildFile; fileRef = CC1803BD1FC1267B0045A57E /* SettingViewController.swift */; };
		CC34AC691FBFE74D0050AC24 /* QuestionViewController.swift in Sources */ = {isa = PBXBuildFile; fileRef = CC34AC681FBFE74D0050AC24 /* QuestionViewController.swift */; };
		DEE948091D95716400BFF395 /* AppDelegate.swift in Sources */ = {isa = PBXBuildFile; fileRef = DEE948081D95716400BFF395 /* AppDelegate.swift */; };
		DEE9480B1D95716400BFF395 /* ViewController.swift in Sources */ = {isa = PBXBuildFile; fileRef = DEE9480A1D95716400BFF395 /* ViewController.swift */; };
		DEE9480E1D95716400BFF395 /* Main.storyboard in Resources */ = {isa = PBXBuildFile; fileRef = DEE9480C1D95716400BFF395 /* Main.storyboard */; };
		DEE948101D95716400BFF395 /* Assets.xcassets in Resources */ = {isa = PBXBuildFile; fileRef = DEE9480F1D95716400BFF395 /* Assets.xcassets */; };
		DEE948131D95716400BFF395 /* LaunchScreen.storyboard in Resources */ = {isa = PBXBuildFile; fileRef = DEE948111D95716400BFF395 /* LaunchScreen.storyboard */; };
		DEE948211D9572AD00BFF395 /* ViewControllerTableViewCell.swift in Sources */ = {isa = PBXBuildFile; fileRef = DEE948201D9572AD00BFF395 /* ViewControllerTableViewCell.swift */; };
/* End PBXBuildFile section */

/* Begin PBXFileReference section */
		CC1350351FBFF3760095013E /* AnswerViewController.swift */ = {isa = PBXFileReference; lastKnownFileType = sourcecode.swift; path = AnswerViewController.swift; sourceTree = "<group>"; };
		CC1350371FBFFB050095013E /* ResultViewController.swift */ = {isa = PBXFileReference; lastKnownFileType = sourcecode.swift; path = ResultViewController.swift; sourceTree = "<group>"; };
		CC1803BD1FC1267B0045A57E /* SettingViewController.swift */ = {isa = PBXFileReference; lastKnownFileType = sourcecode.swift; path = SettingViewController.swift; sourceTree = "<group>"; };
		CC34AC681FBFE74D0050AC24 /* QuestionViewController.swift */ = {isa = PBXFileReference; lastKnownFileType = sourcecode.swift; path = QuestionViewController.swift; sourceTree = "<group>"; };
		DEE948051D95716400BFF395 /* customCell.app */ = {isa = PBXFileReference; explicitFileType = wrapper.application; includeInIndex = 0; path = customCell.app; sourceTree = BUILT_PRODUCTS_DIR; };
		DEE948081D95716400BFF395 /* AppDelegate.swift */ = {isa = PBXFileReference; lastKnownFileType = sourcecode.swift; path = AppDelegate.swift; sourceTree = "<group>"; };
		DEE9480A1D95716400BFF395 /* ViewController.swift */ = {isa = PBXFileReference; lastKnownFileType = sourcecode.swift; path = ViewController.swift; sourceTree = "<group>"; };
		DEE9480D1D95716400BFF395 /* Base */ = {isa = PBXFileReference; lastKnownFileType = file.storyboard; name = Base; path = Base.lproj/Main.storyboard; sourceTree = "<group>"; };
		DEE9480F1D95716400BFF395 /* Assets.xcassets */ = {isa = PBXFileReference; lastKnownFileType = folder.assetcatalog; path = Assets.xcassets; sourceTree = "<group>"; };
		DEE948121D95716400BFF395 /* Base */ = {isa = PBXFileReference; lastKnownFileType = file.storyboard; name = Base; path = Base.lproj/LaunchScreen.storyboard; sourceTree = "<group>"; };
		DEE948141D95716400BFF395 /* Info.plist */ = {isa = PBXFileReference; lastKnownFileType = text.plist.xml; path = Info.plist; sourceTree = "<group>"; };
		DEE948201D9572AD00BFF395 /* ViewControllerTableViewCell.swift */ = {isa = PBXFileReference; fileEncoding = 4; lastKnownFileType = sourcecode.swift; path = ViewControllerTableViewCell.swift; sourceTree = "<group>"; };
/* End PBXFileReference section */

/* Begin PBXFrameworksBuildPhase section */
		DEE948021D95716400BFF395 /* Frameworks */ = {
			isa = PBXFrameworksBuildPhase;
			buildActionMask = 2147483647;
			files = (
			);
			runOnlyForDeploymentPostprocessing = 0;
		};
/* End PBXFrameworksBuildPhase section */

/* Begin PBXGroup section */
		DEE947FC1D95716400BFF395 = {
			isa = PBXGroup;
			children = (
				DEE948071D95716400BFF395 /* iQuiz */,
				DEE948061D95716400BFF395 /* Products */,
			);
			sourceTree = "<group>";
		};
		DEE948061D95716400BFF395 /* Products */ = {
			isa = PBXGroup;
			children = (
				DEE948051D95716400BFF395 /* customCell.app */,
			);
			name = Products;
			sourceTree = "<group>";
		};
		DEE948071D95716400BFF395 /* iQuiz */ = {
			isa = PBXGroup;
			children = (
				DEE948081D95716400BFF395 /* AppDelegate.swift */,
				DEE9480A1D95716400BFF395 /* ViewController.swift */,
				DEE9480C1D95716400BFF395 /* Main.storyboard */,
				CC1803BD1FC1267B0045A57E /* SettingViewController.swift */,
				CC34AC681FBFE74D0050AC24 /* QuestionViewController.swift */,
				CC1350351FBFF3760095013E /* AnswerViewController.swift */,
				CC1350371FBFFB050095013E /* ResultViewController.swift */,
				DEE948201D9572AD00BFF395 /* ViewControllerTableViewCell.swift */,
				DEE9480F1D95716400BFF395 /* Assets.xcassets */,
				DEE948111D95716400BFF395 /* LaunchScreen.storyboard */,
				DEE948141D95716400BFF395 /* Info.plist */,
			);
			path = iQuiz;
			sourceTree = "<group>";
		};
/* End PBXGroup section */

/* Begin PBXNativeTarget section */
		DEE948041D95716400BFF395 /* customCell */ = {
			isa = PBXNativeTarget;
			buildConfigurationList = DEE948171D95716400BFF395 /* Build configuration list for PBXNativeTarget "customCell" */;
			buildPhases = (
				DEE948011D95716400BFF395 /* Sources */,
				DEE948021D95716400BFF395 /* Frameworks */,
				DEE948031D95716400BFF395 /* Resources */,
			);
			buildRules = (
			);
			dependencies = (
			);
			name = customCell;
			productName = customCell;
			productReference = DEE948051D95716400BFF395 /* customCell.app */;
			productType = "com.apple.product-type.application";
		};
/* End PBXNativeTarget section */

/* Begin PBXProject section */
		DEE947FD1D95716400BFF395 /* Project object */ = {
			isa = PBXProject;
			attributes = {
				LastSwiftUpdateCheck = 0800;
				LastUpgradeCheck = 0910;
				ORGANIZATIONNAME = MAGNUMIUM;
				TargetAttributes = {
					DEE948041D95716400BFF395 = {
						CreatedOnToolsVersion = 8.0;
						DevelopmentTeam = DG9YGL99JT;
						LastSwiftMigration = 0910;
						ProvisioningStyle = Automatic;
					};
				};
			};
			buildConfigurationList = DEE948001D95716400BFF395 /* Build configuration list for PBXProject "iQuiz" */;
			compatibilityVersion = "Xcode 3.2";
			developmentRegion = English;
			hasScannedForEncodings = 0;
			knownRegions = (
				en,
				Base,
			);
			mainGroup = DEE947FC1D95716400BFF395;
			productRefGroup = DEE948061D95716400BFF395 /* Products */;
			projectDirPath = "";
			projectRoot = "";
			targets = (
				DEE948041D95716400BFF395 /* customCell */,
			);
		};
/* End PBXProject section */

/* Begin PBXResourcesBuildPhase section */
		DEE948031D95716400BFF395 /* Resources */ = {
			isa = PBXResourcesBuildPhase;
			buildActionMask = 2147483647;
			files = (
				DEE948131D95716400BFF395 /* LaunchScreen.storyboard in Resources */,
				DEE948101D95716400BFF395 /* Assets.xcassets in Resources */,
				DEE9480E1D95716400BFF395 /* Main.storyboard in Resources */,
			);
			runOnlyForDeploymentPostprocessing = 0;
		};
/* End PBXResourcesBuildPhase section */

/* Begin PBXSourcesBuildPhase section */
		DEE948011D95716400BFF395 /* Sources */ = {
			isa = PBXSourcesBuildPhase;
			buildActionMask = 2147483647;
			files = (
				DEE9480B1D95716400BFF395 /* ViewController.swift in Sources */,
				DEE948091D95716400BFF395 /* AppDelegate.swift in Sources */,
				CC1350361FBFF3760095013E /* AnswerViewController.swift in Sources */,
				CC1803BE1FC1267B0045A57E /* SettingViewController.swift in Sources */,
				CC34AC691FBFE74D0050AC24 /* QuestionViewController.swift in Sources */,
				DEE948211D9572AD00BFF395 /* ViewControllerTableViewCell.swift in Sources */,
				CC1350381FBFFB050095013E /* ResultViewController.swift in Sources */,
			);
			runOnlyForDeploymentPostprocessing = 0;
		};
/* End PBXSourcesBuildPhase section */

/* Begin PBXVariantGroup section */
		DEE9480C1D95716400BFF395 /* Main.storyboard */ = {
			isa = PBXVariantGroup;
			children = (
				DEE9480D1D95716400BFF395 /* Base */,
			);
			name = Main.storyboard;
			sourceTree = "<group>";
		};
		DEE948111D95716400BFF395 /* LaunchScreen.storyboard */ = {
			isa = PBXVariantGroup;
			children = (
				DEE948121D95716400BFF395 /* Base */,
			);
			name = LaunchScreen.storyboard;
			sourceTree = "<group>";
		};
/* End PBXVariantGroup section */

/* Begin XCBuildConfiguration section */
		DEE948151D95716400BFF395 /* Debug */ = {
			isa = XCBuildConfiguration;
			buildSettings = {
				ALWAYS_SEARCH_USER_PATHS = NO;
				CLANG_ANALYZER_NONNULL = YES;
				CLANG_CXX_LANGUAGE_STANDARD = "gnu++0x";
				CLANG_CXX_LIBRARY = "libc++";
				CLANG_ENABLE_MODULES = YES;
				CLANG_ENABLE_OBJC_ARC = YES;
				CLANG_WARN_BLOCK_CAPTURE_AUTORELEASING = YES;
				CLANG_WARN_BOOL_CONVERSION = YES;
				CLANG_WARN_COMMA = YES;
				CLANG_WARN_CONSTANT_CONVERSION = YES;
				CLANG_WARN_DIRECT_OBJC_ISA_USAGE = YES_ERROR;
				CLANG_WARN_DOCUMENTATION_COMMENTS = YES;
				CLANG_WARN_EMPTY_BODY = YES;
				CLANG_WARN_ENUM_CONVERSION = YES;
				CLANG_WARN_INFINITE_RECURSION = YES;
				CLANG_WARN_INT_CONVERSION = YES;
				CLANG_WARN_NON_LITERAL_NULL_CONVERSION = YES;
				CLANG_WARN_OBJC_LITERAL_CONVERSION = YES;
				CLANG_WARN_OBJC_ROOT_CLASS = YES_ERROR;
				CLANG_WARN_RANGE_LOOP_ANALYSIS = YES;
				CLANG_WARN_STRICT_PROTOTYPES = YES;
				CLANG_WARN_SUSPICIOUS_MOVE = YES;
				CLANG_WARN_SUSPICIOUS_MOVES = YES;
				CLANG_WARN_UNREACHABLE_CODE = YES;
				CLANG_WARN__DUPLICATE_METHOD_MATCH = YES;
				"CODE_SIGN_IDENTITY[sdk=iphoneos*]" = "iPhone Developer";
				COPY_PHASE_STRIP = NO;
				DEBUG_INFORMATION_FORMAT = dwarf;
				ENABLE_STRICT_OBJC_MSGSEND = YES;
				ENABLE_TESTABILITY = YES;
				GCC_C_LANGUAGE_STANDARD = gnu99;
				GCC_DYNAMIC_NO_PIC = NO;
				GCC_NO_COMMON_BLOCKS = YES;
				GCC_OPTIMIZATION_LEVEL = 0;
				GCC_PREPROCESSOR_DEFINITIONS = (
					"DEBUG=1",
					"$(inherited)",
				);
				GCC_WARN_64_TO_32_BIT_CONVERSION = YES;
				GCC_WARN_ABOUT_RETURN_TYPE = YES_ERROR;
				GCC_WARN_UNDECLARED_SELECTOR = YES;
				GCC_WARN_UNINITIALIZED_AUTOS = YES_AGGRESSIVE;
				GCC_WARN_UNUSED_FUNCTION = YES;
				GCC_WARN_UNUSED_VARIABLE = YES;
				IPHONEOS_DEPLOYMENT_TARGET = 10.0;
				MTL_ENABLE_DEBUG_INFO = YES;
				ONLY_ACTIVE_ARCH = YES;
				SDKROOT = iphoneos;
				SWIFT_ACTIVE_COMPILATION_CONDITIONS = DEBUG;
				SWIFT_OPTIMIZATION_LEVEL = "-Onone";
			};
			name = Debug;
		};
		DEE948161D95716400BFF395 /* Release */ = {
			isa = XCBuildConfiguration;
			buildSettings = {
				ALWAYS_SEARCH_USER_PATHS = NO;
				CLANG_ANALYZER_NONNULL = YES;
				CLANG_CXX_LANGUAGE_STANDARD = "gnu++0x";
				CLANG_CXX_LIBRARY = "libc++";
				CLANG_ENABLE_MODULES = YES;
				CLANG_ENABLE_OBJC_ARC = YES;
				CLANG_WARN_BLOCK_CAPTURE_AUTORELEASING = YES;
				CLANG_WARN_BOOL_CONVERSION = YES;
				CLANG_WARN_COMMA = YES;
				CLANG_WARN_CONSTANT_CONVERSION = YES;
				CLANG_WARN_DIRECT_OBJC_ISA_USAGE = YES_ERROR;
				CLANG_WARN_DOCUMENTATION_COMMENTS = YES;
				CLANG_WARN_EMPTY_BODY = YES;
				CLANG_WARN_ENUM_CONVERSION = YES;
				CLANG_WARN_INFINITE_RECURSION = YES;
				CLANG_WARN_INT_CONVERSION = YES;
				CLANG_WARN_NON_LITERAL_NULL_CONVERSION = YES;
				CLANG_WARN_OBJC_LITERAL_CONVERSION = YES;
				CLANG_WARN_OBJC_ROOT_CLASS = YES_ERROR;
				CLANG_WARN_RANGE_LOOP_ANALYSIS = YES;
				CLANG_WARN_STRICT_PROTOTYPES = YES;
				CLANG_WARN_SUSPICIOUS_MOVE = YES;
				CLANG_WARN_SUSPICIOUS_MOVES = YES;
				CLANG_WARN_UNREACHABLE_CODE = YES;
				CLANG_WARN__DUPLICATE_METHOD_MATCH = YES;
				"CODE_SIGN_IDENTITY[sdk=iphoneos*]" = "iPhone Developer";
				COPY_PHASE_STRIP = NO;
				DEBUG_INFORMATION_FORMAT = "dwarf-with-dsym";
				ENABLE_NS_ASSERTIONS = NO;
				ENABLE_STRICT_OBJC_MSGSEND = YES;
				GCC_C_LANGUAGE_STANDARD = gnu99;
				GCC_NO_COMMON_BLOCKS = YES;
				GCC_WARN_64_TO_32_BIT_CONVERSION = YES;
				GCC_WARN_ABOUT_RETURN_TYPE = YES_ERROR;
				GCC_WARN_UNDECLARED_SELECTOR = YES;
				GCC_WARN_UNINITIALIZED_AUTOS = YES_AGGRESSIVE;
				GCC_WARN_UNUSED_FUNCTION = YES;
				GCC_WARN_UNUSED_VARIABLE = YES;
				IPHONEOS_DEPLOYMENT_TARGET = 10.0;
				MTL_ENABLE_DEBUG_INFO = NO;
				SDKROOT = iphoneos;
				SWIFT_OPTIMIZATION_LEVEL = "-Owholemodule";
				VALIDATE_PRODUCT = YES;
			};
			name = Release;
		};
		DEE948181D95716400BFF395 /* Debug */ = {
			isa = XCBuildConfiguration;
			buildSettings = {
				ASSETCATALOG_COMPILER_APPICON_NAME = AppIcon;
				DEVELOPMENT_TEAM = DG9YGL99JT;
				INFOPLIST_FILE = iQuiz/Info.plist;
				LD_RUNPATH_SEARCH_PATHS = "$(inherited) @executable_path/Frameworks";
				PRODUCT_BUNDLE_IDENTIFIER = edu.uw.ischool.jeff;
				PRODUCT_NAME = "$(TARGET_NAME)";
				SWIFT_SWIFT3_OBJC_INFERENCE = On;
				SWIFT_VERSION = 4.0;
			};
			name = Debug;
		};
		DEE948191D95716400BFF395 /* Release */ = {
			isa = XCBuildConfiguration;
			buildSettings = {
				ASSETCATALOG_COMPILER_APPICON_NAME = AppIcon;
				DEVELOPMENT_TEAM = DG9YGL99JT;
				INFOPLIST_FILE = iQuiz/Info.plist;
				LD_RUNPATH_SEARCH_PATHS = "$(inherited) @executable_path/Frameworks";
				PRODUCT_BUNDLE_IDENTIFIER = edu.uw.ischool.jeff;
				PRODUCT_NAME = "$(TARGET_NAME)";
				SWIFT_SWIFT3_OBJC_INFERENCE = On;
				SWIFT_VERSION = 4.0;
			};
			name = Release;
		};
/* End XCBuildConfiguration section */

/* Begin XCConfigurationList section */
		DEE948001D95716400BFF395 /* Build configuration list for PBXProject "iQuiz" */ = {
			isa = XCConfigurationList;
			buildConfigurations = (
				DEE948151D95716400BFF395 /* Debug */,
				DEE948161D95716400BFF395 /* Release */,
			);
			defaultConfigurationIsVisible = 0;
			defaultConfigurationName = Release;
		};
		DEE948171D95716400BFF395 /* Build configuration list for PBXNativeTarget "customCell" */ = {
			isa = XCConfigurationList;
			buildConfigurations = (
				DEE948181D95716400BFF395 /* Debug */,
				DEE948191D95716400BFF395 /* Release */,
			);
			defaultConfigurationIsVisible = 0;
			defaultConfigurationName = Release;
		};
/* End XCConfigurationList section */
	};
	rootObject = DEE947FD1D95716400BFF395 /* Project object */;
}
